
Microsoft Visual Studio Solution File, Format Version 12.00
# Visual Studio Version 16
VisualStudioVersion = 16.0.31112.23
MinimumVisualStudioVersion = 10.0.40219.1
Project("{FAE04EC0-301F-11D3-BF4B-00C04F79EFBC}") = "FileManager_AvaloniaUI_HY33SZ", "FileManager_AvaloniaUI_HY33SZ\FileManager_AvaloniaUI_HY33SZ.csproj", "{2CF45014-9B8D-4EDC-B9F9-CFFC0FF68727}"
EndProject
Global
	GlobalSection(SolutionConfigurationPlatforms) = preSolution
		Debug|Any CPU = Debug|Any CPU
		Release|Any CPU = Release|Any CPU
	EndGlobalSection
	GlobalSection(ProjectConfigurationPlatforms) = postSolution
		{2CF45014-9B8D-4EDC-B9F9-CFFC0FF68727}.Debug|Any CPU.ActiveCfg = Debug|Any CPU
		{2CF45014-9B8D-4EDC-B9F9-CFFC0FF68727}.Debug|Any CPU.Build.0 = Debug|Any CPU
		{2CF45014-9B8D-4EDC-B9F9-CFFC0FF68727}.Release|Any CPU.ActiveCfg = Release|Any CPU
		{2CF45014-9B8D-4EDC-B9F9-CFFC0FF68727}.Release|Any CPU.Build.0 = Release|Any CPU
	EndGlobalSection
	GlobalSection(SolutionProperties) = preSolution
		HideSolutionNode = FALSE
	EndGlobalSection
	GlobalSection(ExtensibilityGlobals) = postSolution
		SolutionGuid = {7E7D0564-BF7F-4A88-9F94-35116D7B715B}
	EndGlobalSection
EndGlobal
